{
  "name": "rwserve-visitor-count",
  "version": "1.0.1",
  "lockfileVersion": 1,
  "requires": true,
  "dependencies": {
    "rwserve-plugin-sdk": {
      "version": "git+ssh://root@nk024:/keep/rwserve-plugin-sdk#de88687e3ebd4539a3e24b8f7e8877034e9cbad5",
      "from": "git+ssh://root@nk024:/keep/rwserve-plugin-sdk#"
    }
  }
}
