{
  "name": "rwserve-visitor-count",
  "version": "1.0.1",
  "lockfileVersion": 1,
  "requires": true,
  "dependencies": {
    "rwserve-plugin-sdk": {
      "version": "1.0.1",
      "resolved": "https://registry.npmjs.org/rwserve-plugin-sdk/-/rwserve-plugin-sdk-1.0.1.tgz",
      "integrity": "sha512-rtnNUIdxI2dQM5j72NrEsOqt0UVJvAoXeliUAXbZ0IsvDyBrUmkbwtJY7woW58c+XSJ68W8hf/lQgYArNV5eMA=="
    }
  }
}
