{
  "name": "rwserve-visitor-count",
  "version": "1.0.3",
  "lockfileVersion": 1,
  "requires": true,
  "dependencies": {
    "rwserve-plugin-sdk": {
      "version": "1.0.7",
      "resolved": "https://registry.npmjs.org/rwserve-plugin-sdk/-/rwserve-plugin-sdk-1.0.7.tgz",
      "integrity": "sha512-i5pYNaG9QEauatIL8IUDHq3ephz2qs967PXnMceitmHtiUqYGO8N9DSkTCEONAhZk+yhCWhHIFjirg2t0FlqJg=="
    }
  }
}
